
Microsoft Visual Studio Solution File, Format Version 12.00
# Visual Studio Version 16
VisualStudioVersion = 16.0.30711.63
MinimumVisualStudioVersion = 10.0.40219.1
Project("{FAE04EC0-301F-11D3-BF4B-00C04F79EFBC}") = "AngularAspDBFirst", "AngularAspDBFirst.csproj", "{87781FE6-5D9A-4ADC-9C0E-93D1CAF1CC58}"
EndProject
Global
	GlobalSection(SolutionConfigurationPlatforms) = preSolution
		Debug|Any CPU = Debug|Any CPU
		Release|Any CPU = Release|Any CPU
	EndGlobalSection
	GlobalSection(ProjectConfigurationPlatforms) = postSolution
		{87781FE6-5D9A-4ADC-9C0E-93D1CAF1CC58}.Debug|Any CPU.ActiveCfg = Debug|Any CPU
		{87781FE6-5D9A-4ADC-9C0E-93D1CAF1CC58}.Debug|Any CPU.Build.0 = Debug|Any CPU
		{87781FE6-5D9A-4ADC-9C0E-93D1CAF1CC58}.Release|Any CPU.ActiveCfg = Release|Any CPU
		{87781FE6-5D9A-4ADC-9C0E-93D1CAF1CC58}.Release|Any CPU.Build.0 = Release|Any CPU
	EndGlobalSection
	GlobalSection(SolutionProperties) = preSolution
		HideSolutionNode = FALSE
	EndGlobalSection
	GlobalSection(ExtensibilityGlobals) = postSolution
		SolutionGuid = {1CF02B12-46DF-4132-941C-C893E9BDA5FB}
	EndGlobalSection
EndGlobal
